version: 1.0
shards:
  db:
    github: crystal-lang/crystal-db
    version: 0.5.0

  kemal:
    github: kemalcr/kemal
    commit: 50f82f51874babe92cbb808013647a7989d54354

  kilt:
    github: jeromegn/kilt
    version: 0.4.0

  pg:
    github: will/crystal-pg
    commit: cafe7b42bcabd27ef55f065412e7d1d6e6e9a968

  radix:
    github: luislavena/radix
    version: 0.3.8

