version: 1.0
shards:
  db:
    github: crystal-lang/crystal-db
    version: 0.5.0

  detect_language:
    github: detectlanguage/detectlanguage-crystal
    commit: 2fad0954992f4b9f059e44f8a02b19b7a3882c3a

  kemal:
    github: kemalcr/kemal
    commit: 88b4737500750068cc4102f341b45d621e4adef8

  kilt:
    github: jeromegn/kilt
    version: 0.4.0

  pg:
    github: will/crystal-pg
    commit: 7d183bbae1206815d1822b16a2bc1e28c5b03e3d

  radix:
    github: luislavena/radix
    version: 0.3.8

